// !$*UTF8*$!
{
	archiveVersion = 1;
	classes = {
	};
	objectVersion = 46;
	objects = {

/* Begin PBXBuildFile section */
		72247B071A7ECD3200577FDC /* Device.swift in Sources */ = {isa = PBXBuildFile; fileRef = 72247B061A7ECD3200577FDC /* Device.swift */; };
		7267F5651A7EDE80003BFAD8 /* DeviceListTVC.swift in Sources */ = {isa = PBXBuildFile; fileRef = 7267F5641A7EDE80003BFAD8 /* DeviceListTVC.swift */; };
		C31F8F221A66A778003B25B0 /* AppDelegate.swift in Sources */ = {isa = PBXBuildFile; fileRef = C31F8F211A66A778003B25B0 /* AppDelegate.swift */; };
		C31F8F291A66A778003B25B0 /* Images.xcassets in Resources */ = {isa = PBXBuildFile; fileRef = C31F8F281A66A778003B25B0 /* Images.xcassets */; };
		C31F8F2C1A66A778003B25B0 /* LaunchScreen.xib in Resources */ = {isa = PBXBuildFile; fileRef = C31F8F2A1A66A778003B25B0 /* LaunchScreen.xib */; };
		C31F8F381A66A778003B25B0 /* SmartHomeAppTests.swift in Sources */ = {isa = PBXBuildFile; fileRef = C31F8F371A66A778003B25B0 /* SmartHomeAppTests.swift */; };
		C31F8F461A66AE93003B25B0 /* LoginVC.swift in Sources */ = {isa = PBXBuildFile; fileRef = C31F8F451A66AE93003B25B0 /* LoginVC.swift */; };
		C34C65471A7150D800E603C1 /* MenuVC.swift in Sources */ = {isa = PBXBuildFile; fileRef = C34C65461A7150D800E603C1 /* MenuVC.swift */; };
		C36F96391A7A497F0007DAF9 /* HTTPS_Sender.m in Sources */ = {isa = PBXBuildFile; fileRef = C36F96381A7A497F0007DAF9 /* HTTPS_Sender.m */; };
		C36F963C1A7A94E40007DAF9 /* Main.storyboard in Resources */ = {isa = PBXBuildFile; fileRef = C36F963A1A7A94E40007DAF9 /* Main.storyboard */; };
		C374330D1A8271BF008E468A /* RoomListTVC.swift in Sources */ = {isa = PBXBuildFile; fileRef = C374330C1A8271BF008E468A /* RoomListTVC.swift */; };
		C3A1BE1C1A7FE6520067E71F /* DeviceDetailsVC.swift in Sources */ = {isa = PBXBuildFile; fileRef = C3A1BE1B1A7FE6520067E71F /* DeviceDetailsVC.swift */; };
/* End PBXBuildFile section */

/* Begin PBXContainerItemProxy section */
		C31F8F321A66A778003B25B0 /* PBXContainerItemProxy */ = {
			isa = PBXContainerItemProxy;
			containerPortal = C31F8F141A66A778003B25B0 /* Project object */;
			proxyType = 1;
			remoteGlobalIDString = C31F8F1B1A66A778003B25B0;
			remoteInfo = SmartHomeApp;
		};
/* End PBXContainerItemProxy section */

/* Begin PBXFileReference section */
		72247B061A7ECD3200577FDC /* Device.swift */ = {isa = PBXFileReference; fileEncoding = 4; lastKnownFileType = sourcecode.swift; path = Device.swift; sourceTree = "<group>"; };
		7267F5641A7EDE80003BFAD8 /* DeviceListTVC.swift */ = {isa = PBXFileReference; fileEncoding = 4; lastKnownFileType = sourcecode.swift; path = DeviceListTVC.swift; sourceTree = "<group>"; };
		C31F8F1C1A66A778003B25B0 /* SmartHomeApp.app */ = {isa = PBXFileReference; explicitFileType = wrapper.application; includeInIndex = 0; path = SmartHomeApp.app; sourceTree = BUILT_PRODUCTS_DIR; };
		C31F8F201A66A778003B25B0 /* Info.plist */ = {isa = PBXFileReference; lastKnownFileType = text.plist.xml; path = Info.plist; sourceTree = "<group>"; };
		C31F8F211A66A778003B25B0 /* AppDelegate.swift */ = {isa = PBXFileReference; lastKnownFileType = sourcecode.swift; path = AppDelegate.swift; sourceTree = "<group>"; };
		C31F8F281A66A778003B25B0 /* Images.xcassets */ = {isa = PBXFileReference; lastKnownFileType = folder.assetcatalog; path = Images.xcassets; sourceTree = "<group>"; };
		C31F8F2B1A66A778003B25B0 /* Base */ = {isa = PBXFileReference; lastKnownFileType = file.xib; name = Base; path = Base.lproj/LaunchScreen.xib; sourceTree = "<group>"; };
		C31F8F311A66A778003B25B0 /* SmartHomeAppTests.xctest */ = {isa = PBXFileReference; explicitFileType = wrapper.cfbundle; includeInIndex = 0; path = SmartHomeAppTests.xctest; sourceTree = BUILT_PRODUCTS_DIR; };
		C31F8F361A66A778003B25B0 /* Info.plist */ = {isa = PBXFileReference; lastKnownFileType = text.plist.xml; path = Info.plist; sourceTree = "<group>"; };
		C31F8F371A66A778003B25B0 /* SmartHomeAppTests.swift */ = {isa = PBXFileReference; lastKnownFileType = sourcecode.swift; path = SmartHomeAppTests.swift; sourceTree = "<group>"; };
		C31F8F451A66AE93003B25B0 /* LoginVC.swift */ = {isa = PBXFileReference; fileEncoding = 4; lastKnownFileType = sourcecode.swift; path = LoginVC.swift; sourceTree = "<group>"; };
		C34C65461A7150D800E603C1 /* MenuVC.swift */ = {isa = PBXFileReference; fileEncoding = 4; lastKnownFileType = sourcecode.swift; path = MenuVC.swift; sourceTree = "<group>"; };
		C36F96381A7A497F0007DAF9 /* HTTPS_Sender.m */ = {isa = PBXFileReference; fileEncoding = 4; lastKnownFileType = sourcecode.c.objc; path = HTTPS_Sender.m; sourceTree = "<group>"; };
		C36F963B1A7A94E40007DAF9 /* Base */ = {isa = PBXFileReference; lastKnownFileType = file.storyboard; name = Base; path = Base.lproj/Main.storyboard; sourceTree = "<group>"; };
		C374330C1A8271BF008E468A /* RoomListTVC.swift */ = {isa = PBXFileReference; fileEncoding = 4; lastKnownFileType = sourcecode.swift; path = RoomListTVC.swift; sourceTree = "<group>"; };
		C37AC9CE1A79218D003EA563 /* SmartHomeApp-Bridging-Header.h */ = {isa = PBXFileReference; lastKnownFileType = sourcecode.c.h; path = "SmartHomeApp-Bridging-Header.h"; sourceTree = "<group>"; };
		C3A1BE1B1A7FE6520067E71F /* DeviceDetailsVC.swift */ = {isa = PBXFileReference; fileEncoding = 4; lastKnownFileType = sourcecode.swift; path = DeviceDetailsVC.swift; sourceTree = "<group>"; };
/* End PBXFileReference section */

/* Begin PBXFrameworksBuildPhase section */
		C31F8F191A66A778003B25B0 /* Frameworks */ = {
			isa = PBXFrameworksBuildPhase;
			buildActionMask = 2147483647;
			files = (
			);
			runOnlyForDeploymentPostprocessing = 0;
		};
		C31F8F2E1A66A778003B25B0 /* Frameworks */ = {
			isa = PBXFrameworksBuildPhase;
			buildActionMask = 2147483647;
			files = (
			);
			runOnlyForDeploymentPostprocessing = 0;
		};
/* End PBXFrameworksBuildPhase section */

/* Begin PBXGroup section */
		C31F8F131A66A778003B25B0 = {
			isa = PBXGroup;
			children = (
				C31F8F1E1A66A778003B25B0 /* SmartHomeApp */,
				C31F8F341A66A778003B25B0 /* SmartHomeAppTests */,
				C31F8F1D1A66A778003B25B0 /* Products */,
			);
			sourceTree = "<group>";
		};
		C31F8F1D1A66A778003B25B0 /* Products */ = {
			isa = PBXGroup;
			children = (
				C31F8F1C1A66A778003B25B0 /* SmartHomeApp.app */,
				C31F8F311A66A778003B25B0 /* SmartHomeAppTests.xctest */,
			);
			name = Products;
			sourceTree = "<group>";
		};
		C31F8F1E1A66A778003B25B0 /* SmartHomeApp */ = {
			isa = PBXGroup;
			children = (
				C31F8F211A66A778003B25B0 /* AppDelegate.swift */,
				C36F963A1A7A94E40007DAF9 /* Main.storyboard */,
				C31F8F281A66A778003B25B0 /* Images.xcassets */,
				C31F8F2A1A66A778003B25B0 /* LaunchScreen.xib */,
				C31F8F1F1A66A778003B25B0 /* Supporting Files */,
				C31F8F451A66AE93003B25B0 /* LoginVC.swift */,
				C34C65461A7150D800E603C1 /* MenuVC.swift */,
				72247B061A7ECD3200577FDC /* Device.swift */,
				7267F5641A7EDE80003BFAD8 /* DeviceListTVC.swift */,
				C3A1BE1B1A7FE6520067E71F /* DeviceDetailsVC.swift */,
				C374330C1A8271BF008E468A /* RoomListTVC.swift */,
			);
			path = SmartHomeApp;
			sourceTree = "<group>";
		};
		C31F8F1F1A66A778003B25B0 /* Supporting Files */ = {
			isa = PBXGroup;
			children = (
				C36F96381A7A497F0007DAF9 /* HTTPS_Sender.m */,
				C31F8F201A66A778003B25B0 /* Info.plist */,
				C37AC9CE1A79218D003EA563 /* SmartHomeApp-Bridging-Header.h */,
			);
			name = "Supporting Files";
			sourceTree = "<group>";
		};
		C31F8F341A66A778003B25B0 /* SmartHomeAppTests */ = {
			isa = PBXGroup;
			children = (
				C31F8F371A66A778003B25B0 /* SmartHomeAppTests.swift */,
				C31F8F351A66A778003B25B0 /* Supporting Files */,
			);
			path = SmartHomeAppTests;
			sourceTree = "<group>";
		};
		C31F8F351A66A778003B25B0 /* Supporting Files */ = {
			isa = PBXGroup;
			children = (
				C31F8F361A66A778003B25B0 /* Info.plist */,
			);
			name = "Supporting Files";
			sourceTree = "<group>";
		};
/* End PBXGroup section */

/* Begin PBXNativeTarget section */
		C31F8F1B1A66A778003B25B0 /* SmartHomeApp */ = {
			isa = PBXNativeTarget;
			buildConfigurationList = C31F8F3B1A66A778003B25B0 /* Build configuration list for PBXNativeTarget "SmartHomeApp" */;
			buildPhases = (
				C31F8F181A66A778003B25B0 /* Sources */,
				C31F8F191A66A778003B25B0 /* Frameworks */,
				C31F8F1A1A66A778003B25B0 /* Resources */,
			);
			buildRules = (
			);
			dependencies = (
			);
			name = SmartHomeApp;
			productName = SmartHomeApp;
			productReference = C31F8F1C1A66A778003B25B0 /* SmartHomeApp.app */;
			productType = "com.apple.product-type.application";
		};
		C31F8F301A66A778003B25B0 /* SmartHomeAppTests */ = {
			isa = PBXNativeTarget;
			buildConfigurationList = C31F8F3E1A66A778003B25B0 /* Build configuration list for PBXNativeTarget "SmartHomeAppTests" */;
			buildPhases = (
				C31F8F2D1A66A778003B25B0 /* Sources */,
				C31F8F2E1A66A778003B25B0 /* Frameworks */,
				C31F8F2F1A66A778003B25B0 /* Resources */,
			);
			buildRules = (
			);
			dependencies = (
				C31F8F331A66A778003B25B0 /* PBXTargetDependency */,
			);
			name = SmartHomeAppTests;
			productName = SmartHomeAppTests;
			productReference = C31F8F311A66A778003B25B0 /* SmartHomeAppTests.xctest */;
			productType = "com.apple.product-type.bundle.unit-test";
		};
/* End PBXNativeTarget section */

/* Begin PBXProject section */
		C31F8F141A66A778003B25B0 /* Project object */ = {
			isa = PBXProject;
			attributes = {
				LastUpgradeCheck = 0610;
				ORGANIZATIONNAME = "Uni Mannheim";
				TargetAttributes = {
					C31F8F1B1A66A778003B25B0 = {
						CreatedOnToolsVersion = 6.1;
						DevelopmentTeam = 2ZT7XP3AR4;
					};
					C31F8F301A66A778003B25B0 = {
						CreatedOnToolsVersion = 6.1;
						TestTargetID = C31F8F1B1A66A778003B25B0;
					};
				};
			};
			buildConfigurationList = C31F8F171A66A778003B25B0 /* Build configuration list for PBXProject "SmartHomeApp" */;
			compatibilityVersion = "Xcode 3.2";
			developmentRegion = English;
			hasScannedForEncodings = 0;
			knownRegions = (
				en,
				Base,
			);
			mainGroup = C31F8F131A66A778003B25B0;
			productRefGroup = C31F8F1D1A66A778003B25B0 /* Products */;
			projectDirPath = "";
			projectRoot = "";
			targets = (
				C31F8F1B1A66A778003B25B0 /* SmartHomeApp */,
				C31F8F301A66A778003B25B0 /* SmartHomeAppTests */,
			);
		};
/* End PBXProject section */

/* Begin PBXResourcesBuildPhase section */
		C31F8F1A1A66A778003B25B0 /* Resources */ = {
			isa = PBXResourcesBuildPhase;
			buildActionMask = 2147483647;
			files = (
				C36F963C1A7A94E40007DAF9 /* Main.storyboard in Resources */,
				C31F8F2C1A66A778003B25B0 /* LaunchScreen.xib in Resources */,
				C31F8F291A66A778003B25B0 /* Images.xcassets in Resources */,
			);
			runOnlyForDeploymentPostprocessing = 0;
		};
		C31F8F2F1A66A778003B25B0 /* Resources */ = {
			isa = PBXResourcesBuildPhase;
			buildActionMask = 2147483647;
			files = (
			);
			runOnlyForDeploymentPostprocessing = 0;
		};
/* End PBXResourcesBuildPhase section */

/* Begin PBXSourcesBuildPhase section */
		C31F8F181A66A778003B25B0 /* Sources */ = {
			isa = PBXSourcesBuildPhase;
			buildActionMask = 2147483647;
			files = (
				C36F96391A7A497F0007DAF9 /* HTTPS_Sender.m in Sources */,
				7267F5651A7EDE80003BFAD8 /* DeviceListTVC.swift in Sources */,
				C374330D1A8271BF008E468A /* RoomListTVC.swift in Sources */,
				C31F8F461A66AE93003B25B0 /* LoginVC.swift in Sources */,
				C31F8F221A66A778003B25B0 /* AppDelegate.swift in Sources */,
				72247B071A7ECD3200577FDC /* Device.swift in Sources */,
				C3A1BE1C1A7FE6520067E71F /* DeviceDetailsVC.swift in Sources */,
				C34C65471A7150D800E603C1 /* MenuVC.swift in Sources */,
			);
			runOnlyForDeploymentPostprocessing = 0;
		};
		C31F8F2D1A66A778003B25B0 /* Sources */ = {
			isa = PBXSourcesBuildPhase;
			buildActionMask = 2147483647;
			files = (
				C31F8F381A66A778003B25B0 /* SmartHomeAppTests.swift in Sources */,
			);
			runOnlyForDeploymentPostprocessing = 0;
		};
/* End PBXSourcesBuildPhase section */

/* Begin PBXTargetDependency section */
		C31F8F331A66A778003B25B0 /* PBXTargetDependency */ = {
			isa = PBXTargetDependency;
			target = C31F8F1B1A66A778003B25B0 /* SmartHomeApp */;
			targetProxy = C31F8F321A66A778003B25B0 /* PBXContainerItemProxy */;
		};
/* End PBXTargetDependency section */

/* Begin PBXVariantGroup section */
		C31F8F2A1A66A778003B25B0 /* LaunchScreen.xib */ = {
			isa = PBXVariantGroup;
			children = (
				C31F8F2B1A66A778003B25B0 /* Base */,
			);
			name = LaunchScreen.xib;
			sourceTree = "<group>";
		};
		C36F963A1A7A94E40007DAF9 /* Main.storyboard */ = {
			isa = PBXVariantGroup;
			children = (
				C36F963B1A7A94E40007DAF9 /* Base */,
			);
			name = Main.storyboard;
			sourceTree = "<group>";
		};
/* End PBXVariantGroup section */

/* Begin XCBuildConfiguration section */
		C31F8F391A66A778003B25B0 /* Debug */ = {
			isa = XCBuildConfiguration;
			buildSettings = {
				ALWAYS_SEARCH_USER_PATHS = NO;
				CLANG_CXX_LANGUAGE_STANDARD = "gnu++0x";
				CLANG_CXX_LIBRARY = "libc++";
				CLANG_ENABLE_MODULES = YES;
				CLANG_ENABLE_OBJC_ARC = YES;
				CLANG_WARN_BOOL_CONVERSION = YES;
				CLANG_WARN_CONSTANT_CONVERSION = YES;
				CLANG_WARN_DIRECT_OBJC_ISA_USAGE = YES_ERROR;
				CLANG_WARN_EMPTY_BODY = YES;
				CLANG_WARN_ENUM_CONVERSION = YES;
				CLANG_WARN_INT_CONVERSION = YES;
				CLANG_WARN_OBJC_ROOT_CLASS = YES_ERROR;
				CLANG_WARN_UNREACHABLE_CODE = YES;
				CLANG_WARN__DUPLICATE_METHOD_MATCH = YES;
				"CODE_SIGN_IDENTITY[sdk=iphoneos*]" = "iPhone Developer";
				COPY_PHASE_STRIP = NO;
				ENABLE_STRICT_OBJC_MSGSEND = YES;
				GCC_C_LANGUAGE_STANDARD = gnu99;
				GCC_DYNAMIC_NO_PIC = NO;
				GCC_OPTIMIZATION_LEVEL = 0;
				GCC_PREPROCESSOR_DEFINITIONS = (
					"DEBUG=1",
					"$(inherited)",
				);
				GCC_SYMBOLS_PRIVATE_EXTERN = NO;
				GCC_WARN_64_TO_32_BIT_CONVERSION = YES;
				GCC_WARN_ABOUT_RETURN_TYPE = YES_ERROR;
				GCC_WARN_UNDECLARED_SELECTOR = YES;
				GCC_WARN_UNINITIALIZED_AUTOS = YES_AGGRESSIVE;
				GCC_WARN_UNUSED_FUNCTION = YES;
				GCC_WARN_UNUSED_VARIABLE = YES;
				IPHONEOS_DEPLOYMENT_TARGET = 8.1;
				MTL_ENABLE_DEBUG_INFO = YES;
				ONLY_ACTIVE_ARCH = YES;
				SDKROOT = iphoneos;
				SWIFT_OPTIMIZATION_LEVEL = "-Onone";
				TARGETED_DEVICE_FAMILY = "1,2";
			};
			name = Debug;
		};
		C31F8F3A1A66A778003B25B0 /* Release */ = {
			isa = XCBuildConfiguration;
			buildSettings = {
				ALWAYS_SEARCH_USER_PATHS = NO;
				CLANG_CXX_LANGUAGE_STANDARD = "gnu++0x";
				CLANG_CXX_LIBRARY = "libc++";
				CLANG_ENABLE_MODULES = YES;
				CLANG_ENABLE_OBJC_ARC = YES;
				CLANG_WARN_BOOL_CONVERSION = YES;
				CLANG_WARN_CONSTANT_CONVERSION = YES;
				CLANG_WARN_DIRECT_OBJC_ISA_USAGE = YES_ERROR;
				CLANG_WARN_EMPTY_BODY = YES;
				CLANG_WARN_ENUM_CONVERSION = YES;
				CLANG_WARN_INT_CONVERSION = YES;
				CLANG_WARN_OBJC_ROOT_CLASS = YES_ERROR;
				CLANG_WARN_UNREACHABLE_CODE = YES;
				CLANG_WARN__DUPLICATE_METHOD_MATCH = YES;
				"CODE_SIGN_IDENTITY[sdk=iphoneos*]" = "iPhone Developer";
				COPY_PHASE_STRIP = YES;
				ENABLE_NS_ASSERTIONS = NO;
				ENABLE_STRICT_OBJC_MSGSEND = YES;
				GCC_C_LANGUAGE_STANDARD = gnu99;
				GCC_WARN_64_TO_32_BIT_CONVERSION = YES;
				GCC_WARN_ABOUT_RETURN_TYPE = YES_ERROR;
				GCC_WARN_UNDECLARED_SELECTOR = YES;
				GCC_WARN_UNINITIALIZED_AUTOS = YES_AGGRESSIVE;
				GCC_WARN_UNUSED_FUNCTION = YES;
				GCC_WARN_UNUSED_VARIABLE = YES;
				IPHONEOS_DEPLOYMENT_TARGET = 8.1;
				MTL_ENABLE_DEBUG_INFO = NO;
				SDKROOT = iphoneos;
				TARGETED_DEVICE_FAMILY = "1,2";
				VALIDATE_PRODUCT = YES;
			};
			name = Release;
		};
		C31F8F3C1A66A778003B25B0 /* Debug */ = {
			isa = XCBuildConfiguration;
			buildSettings = {
				ASSETCATALOG_COMPILER_APPICON_NAME = AppIcon;
				CLANG_ENABLE_MODULES = YES;
				CODE_SIGN_IDENTITY = "iPhone Developer";
				"CODE_SIGN_IDENTITY[sdk=iphoneos*]" = "iPhone Developer";
				INFOPLIST_FILE = SmartHomeApp/Info.plist;
				LD_RUNPATH_SEARCH_PATHS = "$(inherited) @executable_path/Frameworks";
				PRODUCT_NAME = "$(TARGET_NAME)";
				PROVISIONING_PROFILE = "";
				SWIFT_OBJC_BRIDGING_HEADER = "SmartHomeApp/SmartHomeApp-Bridging-Header.h";
				SWIFT_OPTIMIZATION_LEVEL = "-Onone";
			};
			name = Debug;
		};
		C31F8F3D1A66A778003B25B0 /* Release */ = {
			isa = XCBuildConfiguration;
			buildSettings = {
				ASSETCATALOG_COMPILER_APPICON_NAME = AppIcon;
				CLANG_ENABLE_MODULES = YES;
				CODE_SIGN_IDENTITY = "iPhone Developer";
				"CODE_SIGN_IDENTITY[sdk=iphoneos*]" = "iPhone Developer";
				INFOPLIST_FILE = SmartHomeApp/Info.plist;
				LD_RUNPATH_SEARCH_PATHS = "$(inherited) @executable_path/Frameworks";
				PRODUCT_NAME = "$(TARGET_NAME)";
				PROVISIONING_PROFILE = "";
				SWIFT_OBJC_BRIDGING_HEADER = "SmartHomeApp/SmartHomeApp-Bridging-Header.h";
			};
			name = Release;
		};
		C31F8F3F1A66A778003B25B0 /* Debug */ = {
			isa = XCBuildConfiguration;
			buildSettings = {
				BUNDLE_LOADER = "$(TEST_HOST)";
				FRAMEWORK_SEARCH_PATHS = (
					"$(SDKROOT)/Developer/Library/Frameworks",
					"$(inherited)",
				);
				GCC_PREPROCESSOR_DEFINITIONS = (
					"DEBUG=1",
					"$(inherited)",
				);
				INFOPLIST_FILE = SmartHomeAppTests/Info.plist;
				LD_RUNPATH_SEARCH_PATHS = "$(inherited) @executable_path/Frameworks @loader_path/Frameworks";
				PRODUCT_NAME = "$(TARGET_NAME)";
				TEST_HOST = "$(BUILT_PRODUCTS_DIR)/SmartHomeApp.app/SmartHomeApp";
			};
			name = Debug;
		};
		C31F8F401A66A778003B25B0 /* Release */ = {
			isa = XCBuildConfiguration;
			buildSettings = {
				BUNDLE_LOADER = "$(TEST_HOST)";
				FRAMEWORK_SEARCH_PATHS = (
					"$(SDKROOT)/Developer/Library/Frameworks",
					"$(inherited)",
				);
				INFOPLIST_FILE = SmartHomeAppTests/Info.plist;
				LD_RUNPATH_SEARCH_PATHS = "$(inherited) @executable_path/Frameworks @loader_path/Frameworks";
				PRODUCT_NAME = "$(TARGET_NAME)";
				TEST_HOST = "$(BUILT_PRODUCTS_DIR)/SmartHomeApp.app/SmartHomeApp";
			};
			name = Release;
		};
/* End XCBuildConfiguration section */

/* Begin XCConfigurationList section */
		C31F8F171A66A778003B25B0 /* Build configuration list for PBXProject "SmartHomeApp" */ = {
			isa = XCConfigurationList;
			buildConfigurations = (
				C31F8F391A66A778003B25B0 /* Debug */,
				C31F8F3A1A66A778003B25B0 /* Release */,
			);
			defaultConfigurationIsVisible = 0;
			defaultConfigurationName = Release;
		};
		C31F8F3B1A66A778003B25B0 /* Build configuration list for PBXNativeTarget "SmartHomeApp" */ = {
			isa = XCConfigurationList;
			buildConfigurations = (
				C31F8F3C1A66A778003B25B0 /* Debug */,
				C31F8F3D1A66A778003B25B0 /* Release */,
			);
			defaultConfigurationIsVisible = 0;
			defaultConfigurationName = Release;
		};
		C31F8F3E1A66A778003B25B0 /* Build configuration list for PBXNativeTarget "SmartHomeAppTests" */ = {
			isa = XCConfigurationList;
			buildConfigurations = (
				C31F8F3F1A66A778003B25B0 /* Debug */,
				C31F8F401A66A778003B25B0 /* Release */,
			);
			defaultConfigurationIsVisible = 0;
			defaultConfigurationName = Release;
		};
/* End XCConfigurationList section */
	};
	rootObject = C31F8F141A66A778003B25B0 /* Project object */;
}
